// !$*UTF8*$!
{
	archiveVersion = 1;
	classes = {
	};
	objectVersion = 46;
	objects = {

/* Begin PBXBuildFile section */
		BE8D3E291EB1883200BE92C9 /* AppDelegate.swift in Sources */ = {isa = PBXBuildFile; fileRef = BE8D3E281EB1883200BE92C9 /* AppDelegate.swift */; };
		BE8D3E301EB1883200BE92C9 /* Assets.xcassets in Resources */ = {isa = PBXBuildFile; fileRef = BE8D3E2F1EB1883200BE92C9 /* Assets.xcassets */; };
		BE8D3E331EB1883200BE92C9 /* LaunchScreen.storyboard in Resources */ = {isa = PBXBuildFile; fileRef = BE8D3E311EB1883200BE92C9 /* LaunchScreen.storyboard */; };
		BE8D3E3B1EB1887100BE92C9 /* CardsViewController.swift in Sources */ = {isa = PBXBuildFile; fileRef = BE8D3E3A1EB1887100BE92C9 /* CardsViewController.swift */; };
		BE8D3E3E1EB1942B00BE92C9 /* DraggableImageView.xib in Resources */ = {isa = PBXBuildFile; fileRef = BE8D3E3D1EB1942B00BE92C9 /* DraggableImageView.xib */; };
		BE8D3E411EB1945100BE92C9 /* DraggableImageView.swift in Sources */ = {isa = PBXBuildFile; fileRef = BE8D3E401EB1945100BE92C9 /* DraggableImageView.swift */; };
		BE8D3E431EB1985000BE92C9 /* Main.storyboard in Resources */ = {isa = PBXBuildFile; fileRef = BE8D3E421EB1985000BE92C9 /* Main.storyboard */; };
/* End PBXBuildFile section */

/* Begin PBXFileReference section */
		BE8D3E251EB1883200BE92C9 /* tinder.app */ = {isa = PBXFileReference; explicitFileType = wrapper.application; includeInIndex = 0; path = tinder.app; sourceTree = BUILT_PRODUCTS_DIR; };
		BE8D3E281EB1883200BE92C9 /* AppDelegate.swift */ = {isa = PBXFileReference; lastKnownFileType = sourcecode.swift; path = AppDelegate.swift; sourceTree = "<group>"; };
		BE8D3E2F1EB1883200BE92C9 /* Assets.xcassets */ = {isa = PBXFileReference; lastKnownFileType = folder.assetcatalog; path = Assets.xcassets; sourceTree = "<group>"; };
		BE8D3E321EB1883200BE92C9 /* Base */ = {isa = PBXFileReference; lastKnownFileType = file.storyboard; name = Base; path = Base.lproj/LaunchScreen.storyboard; sourceTree = "<group>"; };
		BE8D3E341EB1883200BE92C9 /* Info.plist */ = {isa = PBXFileReference; lastKnownFileType = text.plist.xml; path = Info.plist; sourceTree = "<group>"; };
		BE8D3E3A1EB1887100BE92C9 /* CardsViewController.swift */ = {isa = PBXFileReference; fileEncoding = 4; lastKnownFileType = sourcecode.swift; path = CardsViewController.swift; sourceTree = "<group>"; };
		BE8D3E3D1EB1942B00BE92C9 /* DraggableImageView.xib */ = {isa = PBXFileReference; fileEncoding = 4; lastKnownFileType = file.xib; path = DraggableImageView.xib; sourceTree = "<group>"; };
		BE8D3E401EB1945100BE92C9 /* DraggableImageView.swift */ = {isa = PBXFileReference; fileEncoding = 4; lastKnownFileType = sourcecode.swift; path = DraggableImageView.swift; sourceTree = "<group>"; };
		BE8D3E421EB1985000BE92C9 /* Main.storyboard */ = {isa = PBXFileReference; fileEncoding = 4; lastKnownFileType = file.storyboard; path = Main.storyboard; sourceTree = "<group>"; };
/* End PBXFileReference section */

/* Begin PBXFrameworksBuildPhase section */
		BE8D3E221EB1883200BE92C9 /* Frameworks */ = {
			isa = PBXFrameworksBuildPhase;
			buildActionMask = 2147483647;
			files = (
			);
			runOnlyForDeploymentPostprocessing = 0;
		};
/* End PBXFrameworksBuildPhase section */

/* Begin PBXGroup section */
		BE8D3E1C1EB1883200BE92C9 = {
			isa = PBXGroup;
			children = (
				BE8D3E271EB1883200BE92C9 /* tinder */,
				BE8D3E261EB1883200BE92C9 /* Products */,
			);
			sourceTree = "<group>";
		};
		BE8D3E261EB1883200BE92C9 /* Products */ = {
			isa = PBXGroup;
			children = (
				BE8D3E251EB1883200BE92C9 /* tinder.app */,
			);
			name = Products;
			sourceTree = "<group>";
		};
		BE8D3E271EB1883200BE92C9 /* tinder */ = {
			isa = PBXGroup;
			children = (
				BE8D3E3F1EB1943500BE92C9 /* Views */,
				BE8D3E3C1EB1888400BE92C9 /* View Controllers */,
				BE8D3E281EB1883200BE92C9 /* AppDelegate.swift */,
				BE8D3E3D1EB1942B00BE92C9 /* DraggableImageView.xib */,
				BE8D3E421EB1985000BE92C9 /* Main.storyboard */,
				BE8D3E2F1EB1883200BE92C9 /* Assets.xcassets */,
				BE8D3E311EB1883200BE92C9 /* LaunchScreen.storyboard */,
				BE8D3E341EB1883200BE92C9 /* Info.plist */,
			);
			path = tinder;
			sourceTree = "<group>";
		};
		BE8D3E3C1EB1888400BE92C9 /* View Controllers */ = {
			isa = PBXGroup;
			children = (
				BE8D3E3A1EB1887100BE92C9 /* CardsViewController.swift */,
			);
			name = "View Controllers";
			sourceTree = "<group>";
		};
		BE8D3E3F1EB1943500BE92C9 /* Views */ = {
			isa = PBXGroup;
			children = (
				BE8D3E401EB1945100BE92C9 /* DraggableImageView.swift */,
			);
			name = Views;
			sourceTree = "<group>";
		};
/* End PBXGroup section */

/* Begin PBXNativeTarget section */
		BE8D3E241EB1883200BE92C9 /* tinder */ = {
			isa = PBXNativeTarget;
			buildConfigurationList = BE8D3E371EB1883200BE92C9 /* Build configuration list for PBXNativeTarget "tinder" */;
			buildPhases = (
				BE8D3E211EB1883200BE92C9 /* Sources */,
				BE8D3E221EB1883200BE92C9 /* Frameworks */,
				BE8D3E231EB1883200BE92C9 /* Resources */,
			);
			buildRules = (
			);
			dependencies = (
			);
			name = tinder;
			productName = tinder;
			productReference = BE8D3E251EB1883200BE92C9 /* tinder.app */;
			productType = "com.apple.product-type.application";
		};
/* End PBXNativeTarget section */

/* Begin PBXProject section */
		BE8D3E1D1EB1883200BE92C9 /* Project object */ = {
			isa = PBXProject;
			attributes = {
				LastSwiftUpdateCheck = 0820;
				LastUpgradeCheck = 0820;
				ORGANIZATIONNAME = "Will Gilman";
				TargetAttributes = {
					BE8D3E241EB1883200BE92C9 = {
						CreatedOnToolsVersion = 8.2.1;
						ProvisioningStyle = Automatic;
					};
				};
			};
			buildConfigurationList = BE8D3E201EB1883200BE92C9 /* Build configuration list for PBXProject "tinder" */;
			compatibilityVersion = "Xcode 3.2";
			developmentRegion = English;
			hasScannedForEncodings = 0;
			knownRegions = (
				en,
				Base,
			);
			mainGroup = BE8D3E1C1EB1883200BE92C9;
			productRefGroup = BE8D3E261EB1883200BE92C9 /* Products */;
			projectDirPath = "";
			projectRoot = "";
			targets = (
				BE8D3E241EB1883200BE92C9 /* tinder */,
			);
		};
/* End PBXProject section */

/* Begin PBXResourcesBuildPhase section */
		BE8D3E231EB1883200BE92C9 /* Resources */ = {
			isa = PBXResourcesBuildPhase;
			buildActionMask = 2147483647;
			files = (
				BE8D3E331EB1883200BE92C9 /* LaunchScreen.storyboard in Resources */,
				BE8D3E301EB1883200BE92C9 /* Assets.xcassets in Resources */,
				BE8D3E3E1EB1942B00BE92C9 /* DraggableImageView.xib in Resources */,
				BE8D3E431EB1985000BE92C9 /* Main.storyboard in Resources */,
			);
			runOnlyForDeploymentPostprocessing = 0;
		};
/* End PBXResourcesBuildPhase section */

/* Begin PBXSourcesBuildPhase section */
		BE8D3E211EB1883200BE92C9 /* Sources */ = {
			isa = PBXSourcesBuildPhase;
			buildActionMask = 2147483647;
			files = (
				BE8D3E291EB1883200BE92C9 /* AppDelegate.swift in Sources */,
				BE8D3E411EB1945100BE92C9 /* DraggableImageView.swift in Sources */,
				BE8D3E3B1EB1887100BE92C9 /* CardsViewController.swift in Sources */,
			);
			runOnlyForDeploymentPostprocessing = 0;
		};
/* End PBXSourcesBuildPhase section */

/* Begin PBXVariantGroup section */
		BE8D3E311EB1883200BE92C9 /* LaunchScreen.storyboard */ = {
			isa = PBXVariantGroup;
			children = (
				BE8D3E321EB1883200BE92C9 /* Base */,
			);
			name = LaunchScreen.storyboard;
			sourceTree = "<group>";
		};
/* End PBXVariantGroup section */

/* Begin XCBuildConfiguration section */
		BE8D3E351EB1883200BE92C9 /* Debug */ = {
			isa = XCBuildConfiguration;
			buildSettings = {
				ALWAYS_SEARCH_USER_PATHS = NO;
				CLANG_ANALYZER_NONNULL = YES;
				CLANG_CXX_LANGUAGE_STANDARD = "gnu++0x";
				CLANG_CXX_LIBRARY = "libc++";
				CLANG_ENABLE_MODULES = YES;
				CLANG_ENABLE_OBJC_ARC = YES;
				CLANG_WARN_BOOL_CONVERSION = YES;
				CLANG_WARN_CONSTANT_CONVERSION = YES;
				CLANG_WARN_DIRECT_OBJC_ISA_USAGE = YES_ERROR;
				CLANG_WARN_DOCUMENTATION_COMMENTS = YES;
				CLANG_WARN_EMPTY_BODY = YES;
				CLANG_WARN_ENUM_CONVERSION = YES;
				CLANG_WARN_INFINITE_RECURSION = YES;
				CLANG_WARN_INT_CONVERSION = YES;
				CLANG_WARN_OBJC_ROOT_CLASS = YES_ERROR;
				CLANG_WARN_SUSPICIOUS_MOVE = YES;
				CLANG_WARN_UNREACHABLE_CODE = YES;
				CLANG_WARN__DUPLICATE_METHOD_MATCH = YES;
				"CODE_SIGN_IDENTITY[sdk=iphoneos*]" = "iPhone Developer";
				COPY_PHASE_STRIP = NO;
				DEBUG_INFORMATION_FORMAT = dwarf;
				ENABLE_STRICT_OBJC_MSGSEND = YES;
				ENABLE_TESTABILITY = YES;
				GCC_C_LANGUAGE_STANDARD = gnu99;
				GCC_DYNAMIC_NO_PIC = NO;
				GCC_NO_COMMON_BLOCKS = YES;
				GCC_OPTIMIZATION_LEVEL = 0;
				GCC_PREPROCESSOR_DEFINITIONS = (
					"DEBUG=1",
					"$(inherited)",
				);
				GCC_WARN_64_TO_32_BIT_CONVERSION = YES;
				GCC_WARN_ABOUT_RETURN_TYPE = YES_ERROR;
				GCC_WARN_UNDECLARED_SELECTOR = YES;
				GCC_WARN_UNINITIALIZED_AUTOS = YES_AGGRESSIVE;
				GCC_WARN_UNUSED_FUNCTION = YES;
				GCC_WARN_UNUSED_VARIABLE = YES;
				IPHONEOS_DEPLOYMENT_TARGET = 10.2;
				MTL_ENABLE_DEBUG_INFO = YES;
				ONLY_ACTIVE_ARCH = YES;
				SDKROOT = iphoneos;
				SWIFT_ACTIVE_COMPILATION_CONDITIONS = DEBUG;
				SWIFT_OPTIMIZATION_LEVEL = "-Onone";
			};
			name = Debug;
		};
		BE8D3E361EB1883200BE92C9 /* Release */ = {
			isa = XCBuildConfiguration;
			buildSettings = {
				ALWAYS_SEARCH_USER_PATHS = NO;
				CLANG_ANALYZER_NONNULL = YES;
				CLANG_CXX_LANGUAGE_STANDARD = "gnu++0x";
				CLANG_CXX_LIBRARY = "libc++";
				CLANG_ENABLE_MODULES = YES;
				CLANG_ENABLE_OBJC_ARC = YES;
				CLANG_WARN_BOOL_CONVERSION = YES;
				CLANG_WARN_CONSTANT_CONVERSION = YES;
				CLANG_WARN_DIRECT_OBJC_ISA_USAGE = YES_ERROR;
				CLANG_WARN_DOCUMENTATION_COMMENTS = YES;
				CLANG_WARN_EMPTY_BODY = YES;
				CLANG_WARN_ENUM_CONVERSION = YES;
				CLANG_WARN_INFINITE_RECURSION = YES;
				CLANG_WARN_INT_CONVERSION = YES;
				CLANG_WARN_OBJC_ROOT_CLASS = YES_ERROR;
				CLANG_WARN_SUSPICIOUS_MOVE = YES;
				CLANG_WARN_UNREACHABLE_CODE = YES;
				CLANG_WARN__DUPLICATE_METHOD_MATCH = YES;
				"CODE_SIGN_IDENTITY[sdk=iphoneos*]" = "iPhone Developer";
				COPY_PHASE_STRIP = NO;
				DEBUG_INFORMATION_FORMAT = "dwarf-with-dsym";
				ENABLE_NS_ASSERTIONS = NO;
				ENABLE_STRICT_OBJC_MSGSEND = YES;
				GCC_C_LANGUAGE_STANDARD = gnu99;
				GCC_NO_COMMON_BLOCKS = YES;
				GCC_WARN_64_TO_32_BIT_CONVERSION = YES;
				GCC_WARN_ABOUT_RETURN_TYPE = YES_ERROR;
				GCC_WARN_UNDECLARED_SELECTOR = YES;
				GCC_WARN_UNINITIALIZED_AUTOS = YES_AGGRESSIVE;
				GCC_WARN_UNUSED_FUNCTION = YES;
				GCC_WARN_UNUSED_VARIABLE = YES;
				IPHONEOS_DEPLOYMENT_TARGET = 10.2;
				MTL_ENABLE_DEBUG_INFO = NO;
				SDKROOT = iphoneos;
				SWIFT_OPTIMIZATION_LEVEL = "-Owholemodule";
				VALIDATE_PRODUCT = YES;
			};
			name = Release;
		};
		BE8D3E381EB1883200BE92C9 /* Debug */ = {
			isa = XCBuildConfiguration;
			buildSettings = {
				ASSETCATALOG_COMPILER_APPICON_NAME = AppIcon;
				INFOPLIST_FILE = tinder/Info.plist;
				LD_RUNPATH_SEARCH_PATHS = "$(inherited) @executable_path/Frameworks";
				PRODUCT_BUNDLE_IDENTIFIER = CodePath.tinder;
				PRODUCT_NAME = "$(TARGET_NAME)";
				SWIFT_VERSION = 3.0;
			};
			name = Debug;
		};
		BE8D3E391EB1883200BE92C9 /* Release */ = {
			isa = XCBuildConfiguration;
			buildSettings = {
				ASSETCATALOG_COMPILER_APPICON_NAME = AppIcon;
				INFOPLIST_FILE = tinder/Info.plist;
				LD_RUNPATH_SEARCH_PATHS = "$(inherited) @executable_path/Frameworks";
				PRODUCT_BUNDLE_IDENTIFIER = CodePath.tinder;
				PRODUCT_NAME = "$(TARGET_NAME)";
				SWIFT_VERSION = 3.0;
			};
			name = Release;
		};
/* End XCBuildConfiguration section */

/* Begin XCConfigurationList section */
		BE8D3E201EB1883200BE92C9 /* Build configuration list for PBXProject "tinder" */ = {
			isa = XCConfigurationList;
			buildConfigurations = (
				BE8D3E351EB1883200BE92C9 /* Debug */,
				BE8D3E361EB1883200BE92C9 /* Release */,
			);
			defaultConfigurationIsVisible = 0;
			defaultConfigurationName = Release;
		};
		BE8D3E371EB1883200BE92C9 /* Build configuration list for PBXNativeTarget "tinder" */ = {
			isa = XCConfigurationList;
			buildConfigurations = (
				BE8D3E381EB1883200BE92C9 /* Debug */,
				BE8D3E391EB1883200BE92C9 /* Release */,
			);
			defaultConfigurationIsVisible = 0;
			defaultConfigurationName = Release;
		};
/* End XCConfigurationList section */
	};
	rootObject = BE8D3E1D1EB1883200BE92C9 /* Project object */;
}
